
Microsoft Visual Studio Solution File, Format Version 12.00
# Visual Studio Version 17
VisualStudioVersion = 17.13.35825.156
MinimumVisualStudioVersion = 10.0.40219.1
Project("{2150E333-8FDC-42A3-9474-1A3956D46DE8}") = "src", "src", "{02EA681E-C7D8-13C7-8484-4AC65E1B71E8}"
EndProject
Project("{2150E333-8FDC-42A3-9474-1A3956D46DE8}") = "LMS.ApplicationCore", "LMS.ApplicationCore", "{6B955A4E-7CFE-41A1-B73F-B03AAFE0B3EF}"
EndProject
Project("{2150E333-8FDC-42A3-9474-1A3956D46DE8}") = "LMS.Application", "LMS.Application", "{7F5444BF-A563-4584-B80E-4F9179464F35}"
EndProject
Project("{FAE04EC0-301F-11D3-BF4B-00C04F79EFBC}") = "LMS.ApplicationCore", "LMS.ApplicationCore\LMS.ApplicationCore\LMS.ApplicationCore.csproj", "{C9ACF3D5-641C-4B0F-95E8-D18FCA13BC6A}"
EndProject
Project("{FAE04EC0-301F-11D3-BF4B-00C04F79EFBC}") = "LMS.Application", "LMS.Application\LMS.Application\LMS.Application.csproj", "{9FB49E74-E817-42E1-AFD2-4DC88F255008}"
EndProject
Project("{2150E333-8FDC-42A3-9474-1A3956D46DE8}") = "LMS.Api", "LMS.Api", "{E8AF826D-9C51-4528-9E0B-4B8AA79AE5C3}"
EndProject
Project("{FAE04EC0-301F-11D3-BF4B-00C04F79EFBC}") = "LMS.Api", "LMS.Api\LMS.Api\LMS.Api.csproj", "{067F3ED5-6096-4526-A63E-4BD03013B361}"
EndProject
Project("{2150E333-8FDC-42A3-9474-1A3956D46DE8}") = "Core", "Core", "{E39E4AE1-2343-4C24-AC7D-F6FB77EFE944}"
EndProject
Project("{2150E333-8FDC-42A3-9474-1A3956D46DE8}") = "Infrastructure", "Infrastructure", "{CC96E042-3288-4F84-8F6F-61D5FD53F0F6}"
EndProject
Project("{FAE04EC0-301F-11D3-BF4B-00C04F79EFBC}") = "LMS.Persistence", "LMS.Persistence\LMS.Persistence.csproj", "{9E20A716-A637-4BD2-996C-C1A7BC48B349}"
EndProject
Project("{2150E333-8FDC-42A3-9474-1A3956D46DE8}") = "Persentation", "Persentation", "{A82A9CCE-E292-4246-AE0E-52D1EC053BE5}"
EndProject
Global
	GlobalSection(SolutionConfigurationPlatforms) = preSolution
		Debug|Any CPU = Debug|Any CPU
		Release|Any CPU = Release|Any CPU
	EndGlobalSection
	GlobalSection(ProjectConfigurationPlatforms) = postSolution
		{C9ACF3D5-641C-4B0F-95E8-D18FCA13BC6A}.Debug|Any CPU.ActiveCfg = Debug|Any CPU
		{C9ACF3D5-641C-4B0F-95E8-D18FCA13BC6A}.Debug|Any CPU.Build.0 = Debug|Any CPU
		{C9ACF3D5-641C-4B0F-95E8-D18FCA13BC6A}.Release|Any CPU.ActiveCfg = Release|Any CPU
		{C9ACF3D5-641C-4B0F-95E8-D18FCA13BC6A}.Release|Any CPU.Build.0 = Release|Any CPU
		{9FB49E74-E817-42E1-AFD2-4DC88F255008}.Debug|Any CPU.ActiveCfg = Debug|Any CPU
		{9FB49E74-E817-42E1-AFD2-4DC88F255008}.Debug|Any CPU.Build.0 = Debug|Any CPU
		{9FB49E74-E817-42E1-AFD2-4DC88F255008}.Release|Any CPU.ActiveCfg = Release|Any CPU
		{9FB49E74-E817-42E1-AFD2-4DC88F255008}.Release|Any CPU.Build.0 = Release|Any CPU
		{067F3ED5-6096-4526-A63E-4BD03013B361}.Debug|Any CPU.ActiveCfg = Debug|Any CPU
		{067F3ED5-6096-4526-A63E-4BD03013B361}.Debug|Any CPU.Build.0 = Debug|Any CPU
		{067F3ED5-6096-4526-A63E-4BD03013B361}.Release|Any CPU.ActiveCfg = Release|Any CPU
		{067F3ED5-6096-4526-A63E-4BD03013B361}.Release|Any CPU.Build.0 = Release|Any CPU
		{9E20A716-A637-4BD2-996C-C1A7BC48B349}.Debug|Any CPU.ActiveCfg = Debug|Any CPU
		{9E20A716-A637-4BD2-996C-C1A7BC48B349}.Debug|Any CPU.Build.0 = Debug|Any CPU
		{9E20A716-A637-4BD2-996C-C1A7BC48B349}.Release|Any CPU.ActiveCfg = Release|Any CPU
		{9E20A716-A637-4BD2-996C-C1A7BC48B349}.Release|Any CPU.Build.0 = Release|Any CPU
	EndGlobalSection
	GlobalSection(SolutionProperties) = preSolution
		HideSolutionNode = FALSE
	EndGlobalSection
	GlobalSection(NestedProjects) = preSolution
		{6B955A4E-7CFE-41A1-B73F-B03AAFE0B3EF} = {E39E4AE1-2343-4C24-AC7D-F6FB77EFE944}
		{7F5444BF-A563-4584-B80E-4F9179464F35} = {E39E4AE1-2343-4C24-AC7D-F6FB77EFE944}
		{C9ACF3D5-641C-4B0F-95E8-D18FCA13BC6A} = {6B955A4E-7CFE-41A1-B73F-B03AAFE0B3EF}
		{9FB49E74-E817-42E1-AFD2-4DC88F255008} = {7F5444BF-A563-4584-B80E-4F9179464F35}
		{E8AF826D-9C51-4528-9E0B-4B8AA79AE5C3} = {02EA681E-C7D8-13C7-8484-4AC65E1B71E8}
		{067F3ED5-6096-4526-A63E-4BD03013B361} = {E8AF826D-9C51-4528-9E0B-4B8AA79AE5C3}
		{E39E4AE1-2343-4C24-AC7D-F6FB77EFE944} = {02EA681E-C7D8-13C7-8484-4AC65E1B71E8}
		{CC96E042-3288-4F84-8F6F-61D5FD53F0F6} = {02EA681E-C7D8-13C7-8484-4AC65E1B71E8}
		{9E20A716-A637-4BD2-996C-C1A7BC48B349} = {CC96E042-3288-4F84-8F6F-61D5FD53F0F6}
		{A82A9CCE-E292-4246-AE0E-52D1EC053BE5} = {02EA681E-C7D8-13C7-8484-4AC65E1B71E8}
	EndGlobalSection
	GlobalSection(ExtensibilityGlobals) = postSolution
		SolutionGuid = {9C434487-197F-493F-9202-42ABE85EF2AA}
	EndGlobalSection
EndGlobal
